{
  "name": "learn-renovate",
  "lockfileVersion": 3,
  "requires": true,
  "packages": {
    "": {
      "dependencies": {
        "@opentelemetry/api-logs": "^0.218.0"
      }
    },
    "node_modules/@opentelemetry/api": {
      "version": "1.9.1",
      "resolved": "https://registry.npmjs.org/@opentelemetry/api/-/api-1.9.1.tgz",
      "integrity": "sha512-gLyJlPHPZYdAk1JENA9LeHejZe1Ti77/pTeFm/nMXmQH/HFZlcS/O2XJB+L8fkbrNSqhdtlvjBVjxwUYanNH5Q==",
      "engines": {
        "node": ">=8.0.0"
      }
    },
    "node_modules/@opentelemetry/api-logs": {
      "version": "0.218.0",
      "resolved": "https://registry.npmjs.org/@opentelemetry/api-logs/-/api-logs-0.218.0.tgz",
      "integrity": "sha512-fmEWp5kXlGEc3i/lR698Hz41DfGyN4Tbe4g7L1AxSc7fF8Xeh/FQ9Quqpa9dVA413Q1Ad43QOLzU4JoXgbFPWw==",
      "dependencies": {
        "@opentelemetry/api": "^1.3.0"
      },
      "engines": {
        "node": ">=8.0.0"
      }
    }
  }
}
